
Microsoft Visual Studio Solution File, Format Version 12.00
# Visual Studio Version 16
VisualStudioVersion = 16.0.30804.86
MinimumVisualStudioVersion = 10.0.40219.1
Project("{FAE04EC0-301F-11D3-BF4B-00C04F79EFBC}") = "lextraining core", "lextraining core\lextraining core.csproj", "{697253BF-6ACA-4ADC-9456-BE81E77E88D8}"
EndProject
Project("{FAE04EC0-301F-11D3-BF4B-00C04F79EFBC}") = "lextraining services", "lextraining services\lextraining services.csproj", "{C6E2B75A-8259-4556-84F9-08489A8FF0A6}"
EndProject
Project("{F184B08F-C81C-45F6-A57F-5ABD9991F28F}") = "lextraining database", "lextraining database\lextraining database.vbproj", "{9CB150B9-F45E-4175-AC5A-AFD7604803A5}"
EndProject
Project("{FAE04EC0-301F-11D3-BF4B-00C04F79EFBC}") = "lextraining dataMemory", "lextraining dataMemory\lextraining dataMemory.csproj", "{0BA493F5-5F5F-4050-8024-AD134F8C8239}"
EndProject
Project("{FAE04EC0-301F-11D3-BF4B-00C04F79EFBC}") = "lextraining WebUI", "lextraining WebUI\lextraining WebUI.csproj", "{143401F9-9700-4481-BF01-166918D0355D}"
EndProject
Global
	GlobalSection(SolutionConfigurationPlatforms) = preSolution
		Debug|Any CPU = Debug|Any CPU
		Release|Any CPU = Release|Any CPU
	EndGlobalSection
	GlobalSection(ProjectConfigurationPlatforms) = postSolution
		{697253BF-6ACA-4ADC-9456-BE81E77E88D8}.Debug|Any CPU.ActiveCfg = Debug|Any CPU
		{697253BF-6ACA-4ADC-9456-BE81E77E88D8}.Debug|Any CPU.Build.0 = Debug|Any CPU
		{697253BF-6ACA-4ADC-9456-BE81E77E88D8}.Release|Any CPU.ActiveCfg = Release|Any CPU
		{697253BF-6ACA-4ADC-9456-BE81E77E88D8}.Release|Any CPU.Build.0 = Release|Any CPU
		{C6E2B75A-8259-4556-84F9-08489A8FF0A6}.Debug|Any CPU.ActiveCfg = Debug|Any CPU
		{C6E2B75A-8259-4556-84F9-08489A8FF0A6}.Debug|Any CPU.Build.0 = Debug|Any CPU
		{C6E2B75A-8259-4556-84F9-08489A8FF0A6}.Release|Any CPU.ActiveCfg = Release|Any CPU
		{C6E2B75A-8259-4556-84F9-08489A8FF0A6}.Release|Any CPU.Build.0 = Release|Any CPU
		{9CB150B9-F45E-4175-AC5A-AFD7604803A5}.Debug|Any CPU.ActiveCfg = Debug|Any CPU
		{9CB150B9-F45E-4175-AC5A-AFD7604803A5}.Debug|Any CPU.Build.0 = Debug|Any CPU
		{9CB150B9-F45E-4175-AC5A-AFD7604803A5}.Release|Any CPU.ActiveCfg = Release|Any CPU
		{9CB150B9-F45E-4175-AC5A-AFD7604803A5}.Release|Any CPU.Build.0 = Release|Any CPU
		{0BA493F5-5F5F-4050-8024-AD134F8C8239}.Debug|Any CPU.ActiveCfg = Debug|Any CPU
		{0BA493F5-5F5F-4050-8024-AD134F8C8239}.Debug|Any CPU.Build.0 = Debug|Any CPU
		{0BA493F5-5F5F-4050-8024-AD134F8C8239}.Release|Any CPU.ActiveCfg = Release|Any CPU
		{0BA493F5-5F5F-4050-8024-AD134F8C8239}.Release|Any CPU.Build.0 = Release|Any CPU
		{143401F9-9700-4481-BF01-166918D0355D}.Debug|Any CPU.ActiveCfg = Debug|Any CPU
		{143401F9-9700-4481-BF01-166918D0355D}.Debug|Any CPU.Build.0 = Debug|Any CPU
		{143401F9-9700-4481-BF01-166918D0355D}.Release|Any CPU.ActiveCfg = Release|Any CPU
		{143401F9-9700-4481-BF01-166918D0355D}.Release|Any CPU.Build.0 = Release|Any CPU
	EndGlobalSection
	GlobalSection(SolutionProperties) = preSolution
		HideSolutionNode = FALSE
	EndGlobalSection
	GlobalSection(ExtensibilityGlobals) = postSolution
		SolutionGuid = {2D815A49-3C02-4D73-BA2D-0DADC5E1ADA6}
	EndGlobalSection
EndGlobal
